<?xml version="1.0" encoding="utf-8"?>
<Project ToolsVersion="4.0" xmlns="http://schemas.microsoft.com/developer/msbuild/2003">
  <ItemGroup>
    <Filter Include="Source Files">
      <UniqueIdentifier>{4FC737F1-C7A5-4376-A066-2A32D752A2FF}</UniqueIdentifier>
      <Extensions>cpp;c;cc;cxx;c++;cppm;ixx;def;odl;idl;hpj;bat;asm;asmx</Extensions>
    </Filter>
    <Filter Include="Header Files">
      <UniqueIdentifier>{93995380-89BD-4b04-88EB-625FBE52EBFB}</UniqueIdentifier>
      <Extensions>h;hh;hpp;hxx;h++;hm;inl;inc;ipp;xsd</Extensions>
    </Filter>
    <Filter Include="Resource Files">
      <UniqueIdentifier>{67DA6AB6-F800-4c08-8B7A-83BB121AAD01}</UniqueIdentifier>
      <Extensions>rc;ico;cur;bmp;dlg;rc2;rct;bin;rgs;gif;jpg;jpeg;jpe;resx;tiff;tif;png;wav;mfcribbon-ms</Extensions>
    </Filter>
    <Filter Include="ArrayList">
      <UniqueIdentifier>{4669bdff-3e6b-4c87-9316-6aba1d90724e}</UniqueIdentifier>
    </Filter>
    <Filter Include="LinkedList">
      <UniqueIdentifier>{8ce969e0-e92d-47e8-b8ce-03e996ca47e5}</UniqueIdentifier>
    </Filter>
    <Filter Include="Stack">
      <UniqueIdentifier>{ad405e29-fce1-4d83-93b7-98cea6940375}</UniqueIdentifier>
    </Filter>
    <Filter Include="Type">
      <UniqueIdentifier>{72bd3f06-7ab9-4616-9ea6-f7675defcdbc}</UniqueIdentifier>
    </Filter>
    <Filter Include="Stack\Map">
      <UniqueIdentifier>{6c43a3b1-2501-4af0-9af7-f7e362190c8c}</UniqueIdentifier>
    </Filter>
  </ItemGroup>
  <ItemGroup>
    <ClInclude Include="pch.h">
      <Filter>Header Files</Filter>
    </ClInclude>
    <ClInclude Include="ArrayList.h">
      <Filter>ArrayList</Filter>
    </ClInclude>
    <ClInclude Include="Define.h">
      <Filter>Header Files</Filter>
    </ClInclude>
    <ClInclude Include="LinkedList.h">
      <Filter>LinkedList</Filter>
    </ClInclude>
    <ClInclude Include="CircularList.h">
      <Filter>Header Files</Filter>
    </ClInclude>
    <ClInclude Include="DoublyLinkedList.h">
      <Filter>Header Files</Filter>
    </ClInclude>
    <ClInclude Include="ArrayStack.h">
      <Filter>Stack</Filter>
    </ClInclude>
    <ClInclude Include="LinkedStack.h">
      <Filter>Stack</Filter>
    </ClInclude>
    <ClInclude Include="Exprdef.h">
      <Filter>Type</Filter>
    </ClInclude>
    <ClInclude Include="MapDef.h">
      <Filter>Stack\Map</Filter>
    </ClInclude>
  </ItemGroup>
  <ItemGroup>
    <ClCompile Include="pch.cpp">
      <Filter>Source Files</Filter>
    </ClCompile>
    <ClCompile Include="ArrayList.cpp">
      <Filter>ArrayList</Filter>
    </ClCompile>
    <ClCompile Include="main.cpp">
      <Filter>Source Files</Filter>
    </ClCompile>
    <ClCompile Include="ArrayListExample.cpp">
      <Filter>ArrayList</Filter>
    </ClCompile>
    <ClCompile Include="LinkedList.cpp">
      <Filter>LinkedList</Filter>
    </ClCompile>
    <ClCompile Include="CircularList.cpp">
      <Filter>Source Files</Filter>
    </ClCompile>
    <ClCompile Include="DoublyLinkedList.cpp">
      <Filter>Source Files</Filter>
    </ClCompile>
    <ClCompile Include="LinkedListExample.cpp">
      <Filter>Source Files</Filter>
    </ClCompile>
    <ClCompile Include="LinkedListOp.cpp">
      <Filter>Source Files</Filter>
    </ClCompile>
    <ClCompile Include="PolyList.cpp">
      <Filter>Source Files</Filter>
    </ClCompile>
    <ClCompile Include="ArrayStack.cpp">
      <Filter>Stack</Filter>
    </ClCompile>
    <ClCompile Include="ArrayStackExample.cpp">
      <Filter>Stack</Filter>
    </ClCompile>
    <ClCompile Include="LinkedStack.cpp">
      <Filter>Stack</Filter>
    </ClCompile>
    <ClCompile Include="LinkedStackExample.cpp">
      <Filter>Stack</Filter>
    </ClCompile>
    <ClCompile Include="StackUtil.cpp">
      <Filter>Stack</Filter>
    </ClCompile>
    <ClCompile Include="ExprLinkedStack.cpp">
      <Filter>Stack</Filter>
    </ClCompile>
    <ClCompile Include="mapLinkedStack.cpp">
      <Filter>Stack\Map</Filter>
    </ClCompile>
  </ItemGroup>
</Project>